// !$*UTF8*$!
{
	archiveVersion = 1;
	classes = {
	};
	objectVersion = 46;
	objects = {

/* Begin PBXBuildFile section */
		4992CBB01EFCF66000D72CED /* LXReorderableCollectionViewFlowLayout.m in Sources */ = {isa = PBXBuildFile; fileRef = 4992CBA51EFCF66000D72CED /* LXReorderableCollectionViewFlowLayout.m */; };
		4992CBB11EFCF66000D72CED /* ReadMe in Resources */ = {isa = PBXBuildFile; fileRef = 4992CBA61EFCF66000D72CED /* ReadMe */; };
		4992CBB21EFCF66000D72CED /* AddGroupMemberBtnHL.png in Resources */ = {isa = PBXBuildFile; fileRef = 4992CBA81EFCF66000D72CED /* AddGroupMemberBtnHL.png */; };
		4992CBB31EFCF66000D72CED /* NSData+YYAdd.m in Sources */ = {isa = PBXBuildFile; fileRef = 4992CBAA1EFCF66000D72CED /* NSData+YYAdd.m */; };
		4992CBB41EFCF66000D72CED /* WSMoveToPhotosView.m in Sources */ = {isa = PBXBuildFile; fileRef = 4992CBAC1EFCF66000D72CED /* WSMoveToPhotosView.m */; };
		4992CBB51EFCF66000D72CED /* WSMoveToPhotosViewCell.m in Sources */ = {isa = PBXBuildFile; fileRef = 4992CBAE1EFCF66000D72CED /* WSMoveToPhotosViewCell.m */; };
		49E9132C1EFCBEE300384208 /* main.m in Sources */ = {isa = PBXBuildFile; fileRef = 49E9132B1EFCBEE300384208 /* main.m */; };
		49E9132F1EFCBEE300384208 /* AppDelegate.m in Sources */ = {isa = PBXBuildFile; fileRef = 49E9132E1EFCBEE300384208 /* AppDelegate.m */; };
		49E913321EFCBEE300384208 /* ViewController.m in Sources */ = {isa = PBXBuildFile; fileRef = 49E913311EFCBEE300384208 /* ViewController.m */; };
		49E913351EFCBEE300384208 /* Main.storyboard in Resources */ = {isa = PBXBuildFile; fileRef = 49E913331EFCBEE300384208 /* Main.storyboard */; };
		49E913371EFCBEE300384208 /* Assets.xcassets in Resources */ = {isa = PBXBuildFile; fileRef = 49E913361EFCBEE300384208 /* Assets.xcassets */; };
		49E9133A1EFCBEE300384208 /* LaunchScreen.storyboard in Resources */ = {isa = PBXBuildFile; fileRef = 49E913381EFCBEE300384208 /* LaunchScreen.storyboard */; };
		49E913551EFCC15F00384208 /* libz.1.tbd in Frameworks */ = {isa = PBXBuildFile; fileRef = 49E913531EFCC14A00384208 /* libz.1.tbd */; };
		CDF1D44763F479269995CF68 /* libPods-WSMoveToPhotosDemo.a in Frameworks */ = {isa = PBXBuildFile; fileRef = B7AC0A023AB120BD6B0C9A51 /* libPods-WSMoveToPhotosDemo.a */; };
/* End PBXBuildFile section */

/* Begin PBXFileReference section */
		4992CBA41EFCF66000D72CED /* LXReorderableCollectionViewFlowLayout.h */ = {isa = PBXFileReference; fileEncoding = 4; lastKnownFileType = sourcecode.c.h; path = LXReorderableCollectionViewFlowLayout.h; sourceTree = "<group>"; };
		4992CBA51EFCF66000D72CED /* LXReorderableCollectionViewFlowLayout.m */ = {isa = PBXFileReference; fileEncoding = 4; lastKnownFileType = sourcecode.c.objc; path = LXReorderableCollectionViewFlowLayout.m; sourceTree = "<group>"; };
		4992CBA61EFCF66000D72CED /* ReadMe */ = {isa = PBXFileReference; fileEncoding = 4; lastKnownFileType = text; path = ReadMe; sourceTree = "<group>"; };
		4992CBA81EFCF66000D72CED /* AddGroupMemberBtnHL.png */ = {isa = PBXFileReference; lastKnownFileType = image.png; path = AddGroupMemberBtnHL.png; sourceTree = "<group>"; };
		4992CBA91EFCF66000D72CED /* NSData+YYAdd.h */ = {isa = PBXFileReference; fileEncoding = 4; lastKnownFileType = sourcecode.c.h; path = "NSData+YYAdd.h"; sourceTree = "<group>"; };
		4992CBAA1EFCF66000D72CED /* NSData+YYAdd.m */ = {isa = PBXFileReference; fileEncoding = 4; lastKnownFileType = sourcecode.c.objc; path = "NSData+YYAdd.m"; sourceTree = "<group>"; };
		4992CBAB1EFCF66000D72CED /* WSMoveToPhotosView.h */ = {isa = PBXFileReference; fileEncoding = 4; lastKnownFileType = sourcecode.c.h; path = WSMoveToPhotosView.h; sourceTree = "<group>"; };
		4992CBAC1EFCF66000D72CED /* WSMoveToPhotosView.m */ = {isa = PBXFileReference; fileEncoding = 4; lastKnownFileType = sourcecode.c.objc; path = WSMoveToPhotosView.m; sourceTree = "<group>"; };
		4992CBAD1EFCF66000D72CED /* WSMoveToPhotosViewCell.h */ = {isa = PBXFileReference; fileEncoding = 4; lastKnownFileType = sourcecode.c.h; path = WSMoveToPhotosViewCell.h; sourceTree = "<group>"; };
		4992CBAE1EFCF66000D72CED /* WSMoveToPhotosViewCell.m */ = {isa = PBXFileReference; fileEncoding = 4; lastKnownFileType = sourcecode.c.objc; path = WSMoveToPhotosViewCell.m; sourceTree = "<group>"; };
		4992CBAF1EFCF66000D72CED /* YYKitMacro.h */ = {isa = PBXFileReference; fileEncoding = 4; lastKnownFileType = sourcecode.c.h; path = YYKitMacro.h; sourceTree = "<group>"; };
		49E913271EFCBEE300384208 /* WSMoveToPhotosDemo.app */ = {isa = PBXFileReference; explicitFileType = wrapper.application; includeInIndex = 0; path = WSMoveToPhotosDemo.app; sourceTree = BUILT_PRODUCTS_DIR; };
		49E9132B1EFCBEE300384208 /* main.m */ = {isa = PBXFileReference; lastKnownFileType = sourcecode.c.objc; path = main.m; sourceTree = "<group>"; };
		49E9132D1EFCBEE300384208 /* AppDelegate.h */ = {isa = PBXFileReference; lastKnownFileType = sourcecode.c.h; path = AppDelegate.h; sourceTree = "<group>"; };
		49E9132E1EFCBEE300384208 /* AppDelegate.m */ = {isa = PBXFileReference; lastKnownFileType = sourcecode.c.objc; path = AppDelegate.m; sourceTree = "<group>"; };
		49E913301EFCBEE300384208 /* ViewController.h */ = {isa = PBXFileReference; lastKnownFileType = sourcecode.c.h; path = ViewController.h; sourceTree = "<group>"; };
		49E913311EFCBEE300384208 /* ViewController.m */ = {isa = PBXFileReference; lastKnownFileType = sourcecode.c.objc; path = ViewController.m; sourceTree = "<group>"; };
		49E913341EFCBEE300384208 /* Base */ = {isa = PBXFileReference; lastKnownFileType = file.storyboard; name = Base; path = Base.lproj/Main.storyboard; sourceTree = "<group>"; };
		49E913361EFCBEE300384208 /* Assets.xcassets */ = {isa = PBXFileReference; lastKnownFileType = folder.assetcatalog; path = Assets.xcassets; sourceTree = "<group>"; };
		49E913391EFCBEE300384208 /* Base */ = {isa = PBXFileReference; lastKnownFileType = file.storyboard; name = Base; path = Base.lproj/LaunchScreen.storyboard; sourceTree = "<group>"; };
		49E9133B1EFCBEE300384208 /* Info.plist */ = {isa = PBXFileReference; lastKnownFileType = text.plist.xml; path = Info.plist; sourceTree = "<group>"; };
		49E913511EFCC14000384208 /* libz.tbd */ = {isa = PBXFileReference; lastKnownFileType = "sourcecode.text-based-dylib-definition"; name = libz.tbd; path = usr/lib/libz.tbd; sourceTree = SDKROOT; };
		49E913531EFCC14A00384208 /* libz.1.tbd */ = {isa = PBXFileReference; lastKnownFileType = "sourcecode.text-based-dylib-definition"; name = libz.1.tbd; path = usr/lib/libz.1.tbd; sourceTree = SDKROOT; };
		54836451F595E8DE7A06BD5F /* Pods-WSMoveToPhotosDemo.debug.xcconfig */ = {isa = PBXFileReference; includeInIndex = 1; lastKnownFileType = text.xcconfig; name = "Pods-WSMoveToPhotosDemo.debug.xcconfig"; path = "Pods/Target Support Files/Pods-WSMoveToPhotosDemo/Pods-WSMoveToPhotosDemo.debug.xcconfig"; sourceTree = "<group>"; };
		B7AC0A023AB120BD6B0C9A51 /* libPods-WSMoveToPhotosDemo.a */ = {isa = PBXFileReference; explicitFileType = archive.ar; includeInIndex = 0; path = "libPods-WSMoveToPhotosDemo.a"; sourceTree = BUILT_PRODUCTS_DIR; };
		F1A6C061552AB80FF3D962D2 /* Pods-WSMoveToPhotosDemo.release.xcconfig */ = {isa = PBXFileReference; includeInIndex = 1; lastKnownFileType = text.xcconfig; name = "Pods-WSMoveToPhotosDemo.release.xcconfig"; path = "Pods/Target Support Files/Pods-WSMoveToPhotosDemo/Pods-WSMoveToPhotosDemo.release.xcconfig"; sourceTree = "<group>"; };
/* End PBXFileReference section */

/* Begin PBXFrameworksBuildPhase section */
		49E913241EFCBEE300384208 /* Frameworks */ = {
			isa = PBXFrameworksBuildPhase;
			buildActionMask = 2147483647;
			files = (
				49E913551EFCC15F00384208 /* libz.1.tbd in Frameworks */,
				CDF1D44763F479269995CF68 /* libPods-WSMoveToPhotosDemo.a in Frameworks */,
			);
			runOnlyForDeploymentPostprocessing = 0;
		};
/* End PBXFrameworksBuildPhase section */

/* Begin PBXGroup section */
		01D6CCE5FAE0996E9576B699 /* Frameworks */ = {
			isa = PBXGroup;
			children = (
				49E913531EFCC14A00384208 /* libz.1.tbd */,
				49E913511EFCC14000384208 /* libz.tbd */,
				B7AC0A023AB120BD6B0C9A51 /* libPods-WSMoveToPhotosDemo.a */,
			);
			name = Frameworks;
			sourceTree = "<group>";
		};
		4992CBA21EFCF66000D72CED /* Classes */ = {
			isa = PBXGroup;
			children = (
				4992CBA31EFCF66000D72CED /* LXReorderableCollectionViewFlowLayout */,
				4992CBA61EFCF66000D72CED /* ReadMe */,
				4992CBA71EFCF66000D72CED /* WSMoveToPhotosView */,
			);
			path = Classes;
			sourceTree = "<group>";
		};
		4992CBA31EFCF66000D72CED /* LXReorderableCollectionViewFlowLayout */ = {
			isa = PBXGroup;
			children = (
				4992CBA41EFCF66000D72CED /* LXReorderableCollectionViewFlowLayout.h */,
				4992CBA51EFCF66000D72CED /* LXReorderableCollectionViewFlowLayout.m */,
			);
			path = LXReorderableCollectionViewFlowLayout;
			sourceTree = "<group>";
		};
		4992CBA71EFCF66000D72CED /* WSMoveToPhotosView */ = {
			isa = PBXGroup;
			children = (
				4992CBA81EFCF66000D72CED /* AddGroupMemberBtnHL.png */,
				4992CBA91EFCF66000D72CED /* NSData+YYAdd.h */,
				4992CBAA1EFCF66000D72CED /* NSData+YYAdd.m */,
				4992CBAB1EFCF66000D72CED /* WSMoveToPhotosView.h */,
				4992CBAC1EFCF66000D72CED /* WSMoveToPhotosView.m */,
				4992CBAD1EFCF66000D72CED /* WSMoveToPhotosViewCell.h */,
				4992CBAE1EFCF66000D72CED /* WSMoveToPhotosViewCell.m */,
				4992CBAF1EFCF66000D72CED /* YYKitMacro.h */,
			);
			path = WSMoveToPhotosView;
			sourceTree = "<group>";
		};
		49E9131E1EFCBEE300384208 = {
			isa = PBXGroup;
			children = (
				49E913291EFCBEE300384208 /* WSMoveToPhotosDemo */,
				49E913281EFCBEE300384208 /* Products */,
				BF0686A6D69CFE98503B9B1D /* Pods */,
				01D6CCE5FAE0996E9576B699 /* Frameworks */,
			);
			sourceTree = "<group>";
		};
		49E913281EFCBEE300384208 /* Products */ = {
			isa = PBXGroup;
			children = (
				49E913271EFCBEE300384208 /* WSMoveToPhotosDemo.app */,
			);
			name = Products;
			sourceTree = "<group>";
		};
		49E913291EFCBEE300384208 /* WSMoveToPhotosDemo */ = {
			isa = PBXGroup;
			children = (
				4992CBA21EFCF66000D72CED /* Classes */,
				49E9132D1EFCBEE300384208 /* AppDelegate.h */,
				49E9132E1EFCBEE300384208 /* AppDelegate.m */,
				49E913301EFCBEE300384208 /* ViewController.h */,
				49E913311EFCBEE300384208 /* ViewController.m */,
				49E913331EFCBEE300384208 /* Main.storyboard */,
				49E913361EFCBEE300384208 /* Assets.xcassets */,
				49E913381EFCBEE300384208 /* LaunchScreen.storyboard */,
				49E9133B1EFCBEE300384208 /* Info.plist */,
				49E9132A1EFCBEE300384208 /* Supporting Files */,
			);
			path = WSMoveToPhotosDemo;
			sourceTree = "<group>";
		};
		49E9132A1EFCBEE300384208 /* Supporting Files */ = {
			isa = PBXGroup;
			children = (
				49E9132B1EFCBEE300384208 /* main.m */,
			);
			name = "Supporting Files";
			sourceTree = "<group>";
		};
		BF0686A6D69CFE98503B9B1D /* Pods */ = {
			isa = PBXGroup;
			children = (
				54836451F595E8DE7A06BD5F /* Pods-WSMoveToPhotosDemo.debug.xcconfig */,
				F1A6C061552AB80FF3D962D2 /* Pods-WSMoveToPhotosDemo.release.xcconfig */,
			);
			name = Pods;
			sourceTree = "<group>";
		};
/* End PBXGroup section */

/* Begin PBXNativeTarget section */
		49E913261EFCBEE300384208 /* WSMoveToPhotosDemo */ = {
			isa = PBXNativeTarget;
			buildConfigurationList = 49E9133E1EFCBEE300384208 /* Build configuration list for PBXNativeTarget "WSMoveToPhotosDemo" */;
			buildPhases = (
				1202F9BE33A7720DE1384B62 /* [CP] Check Pods Manifest.lock */,
				49E913231EFCBEE300384208 /* Sources */,
				49E913241EFCBEE300384208 /* Frameworks */,
				49E913251EFCBEE300384208 /* Resources */,
				A8CD11E8F5D1A320388BE40E /* [CP] Embed Pods Frameworks */,
				71B8599C0DA8482B3454848D /* [CP] Copy Pods Resources */,
			);
			buildRules = (
			);
			dependencies = (
			);
			name = WSMoveToPhotosDemo;
			productName = WSMoveToPhotosDemo;
			productReference = 49E913271EFCBEE300384208 /* WSMoveToPhotosDemo.app */;
			productType = "com.apple.product-type.application";
		};
/* End PBXNativeTarget section */

/* Begin PBXProject section */
		49E9131F1EFCBEE300384208 /* Project object */ = {
			isa = PBXProject;
			attributes = {
				LastUpgradeCheck = 0830;
				ORGANIZATIONNAME = AnJuBao;
				TargetAttributes = {
					49E913261EFCBEE300384208 = {
						CreatedOnToolsVersion = 8.3.1;
						ProvisioningStyle = Automatic;
					};
				};
			};
			buildConfigurationList = 49E913221EFCBEE300384208 /* Build configuration list for PBXProject "WSMoveToPhotosDemo" */;
			compatibilityVersion = "Xcode 3.2";
			developmentRegion = English;
			hasScannedForEncodings = 0;
			knownRegions = (
				en,
				Base,
			);
			mainGroup = 49E9131E1EFCBEE300384208;
			productRefGroup = 49E913281EFCBEE300384208 /* Products */;
			projectDirPath = "";
			projectRoot = "";
			targets = (
				49E913261EFCBEE300384208 /* WSMoveToPhotosDemo */,
			);
		};
/* End PBXProject section */

/* Begin PBXResourcesBuildPhase section */
		49E913251EFCBEE300384208 /* Resources */ = {
			isa = PBXResourcesBuildPhase;
			buildActionMask = 2147483647;
			files = (
				4992CBB11EFCF66000D72CED /* ReadMe in Resources */,
				4992CBB21EFCF66000D72CED /* AddGroupMemberBtnHL.png in Resources */,
				49E9133A1EFCBEE300384208 /* LaunchScreen.storyboard in Resources */,
				49E913371EFCBEE300384208 /* Assets.xcassets in Resources */,
				49E913351EFCBEE300384208 /* Main.storyboard in Resources */,
			);
			runOnlyForDeploymentPostprocessing = 0;
		};
/* End PBXResourcesBuildPhase section */

/* Begin PBXShellScriptBuildPhase section */
		1202F9BE33A7720DE1384B62 /* [CP] Check Pods Manifest.lock */ = {
			isa = PBXShellScriptBuildPhase;
			buildActionMask = 2147483647;
			files = (
			);
			inputPaths = (
			);
			name = "[CP] Check Pods Manifest.lock";
			outputPaths = (
			);
			runOnlyForDeploymentPostprocessing = 0;
			shellPath = /bin/sh;
			shellScript = "diff \"${PODS_ROOT}/../Podfile.lock\" \"${PODS_ROOT}/Manifest.lock\" > /dev/null\nif [ $? != 0 ] ; then\n    # print error to STDERR\n    echo \"error: The sandbox is not in sync with the Podfile.lock. Run 'pod install' or update your CocoaPods installation.\" >&2\n    exit 1\nfi\n";
			showEnvVarsInLog = 0;
		};
		71B8599C0DA8482B3454848D /* [CP] Copy Pods Resources */ = {
			isa = PBXShellScriptBuildPhase;
			buildActionMask = 2147483647;
			files = (
			);
			inputPaths = (
			);
			name = "[CP] Copy Pods Resources";
			outputPaths = (
			);
			runOnlyForDeploymentPostprocessing = 0;
			shellPath = /bin/sh;
			shellScript = "\"${SRCROOT}/Pods/Target Support Files/Pods-WSMoveToPhotosDemo/Pods-WSMoveToPhotosDemo-resources.sh\"\n";
			showEnvVarsInLog = 0;
		};
		A8CD11E8F5D1A320388BE40E /* [CP] Embed Pods Frameworks */ = {
			isa = PBXShellScriptBuildPhase;
			buildActionMask = 2147483647;
			files = (
			);
			inputPaths = (
			);
			name = "[CP] Embed Pods Frameworks";
			outputPaths = (
			);
			runOnlyForDeploymentPostprocessing = 0;
			shellPath = /bin/sh;
			shellScript = "\"${SRCROOT}/Pods/Target Support Files/Pods-WSMoveToPhotosDemo/Pods-WSMoveToPhotosDemo-frameworks.sh\"\n";
			showEnvVarsInLog = 0;
		};
/* End PBXShellScriptBuildPhase section */

/* Begin PBXSourcesBuildPhase section */
		49E913231EFCBEE300384208 /* Sources */ = {
			isa = PBXSourcesBuildPhase;
			buildActionMask = 2147483647;
			files = (
				4992CBB31EFCF66000D72CED /* NSData+YYAdd.m in Sources */,
				49E913321EFCBEE300384208 /* ViewController.m in Sources */,
				49E9132F1EFCBEE300384208 /* AppDelegate.m in Sources */,
				4992CBB41EFCF66000D72CED /* WSMoveToPhotosView.m in Sources */,
				4992CBB51EFCF66000D72CED /* WSMoveToPhotosViewCell.m in Sources */,
				4992CBB01EFCF66000D72CED /* LXReorderableCollectionViewFlowLayout.m in Sources */,
				49E9132C1EFCBEE300384208 /* main.m in Sources */,
			);
			runOnlyForDeploymentPostprocessing = 0;
		};
/* End PBXSourcesBuildPhase section */

/* Begin PBXVariantGroup section */
		49E913331EFCBEE300384208 /* Main.storyboard */ = {
			isa = PBXVariantGroup;
			children = (
				49E913341EFCBEE300384208 /* Base */,
			);
			name = Main.storyboard;
			sourceTree = "<group>";
		};
		49E913381EFCBEE300384208 /* LaunchScreen.storyboard */ = {
			isa = PBXVariantGroup;
			children = (
				49E913391EFCBEE300384208 /* Base */,
			);
			name = LaunchScreen.storyboard;
			sourceTree = "<group>";
		};
/* End PBXVariantGroup section */

/* Begin XCBuildConfiguration section */
		49E9133C1EFCBEE300384208 /* Debug */ = {
			isa = XCBuildConfiguration;
			buildSettings = {
				ALWAYS_SEARCH_USER_PATHS = NO;
				CLANG_ANALYZER_NONNULL = YES;
				CLANG_ANALYZER_NUMBER_OBJECT_CONVERSION = YES_AGGRESSIVE;
				CLANG_CXX_LANGUAGE_STANDARD = "gnu++0x";
				CLANG_CXX_LIBRARY = "libc++";
				CLANG_ENABLE_MODULES = YES;
				CLANG_ENABLE_OBJC_ARC = YES;
				CLANG_WARN_BOOL_CONVERSION = YES;
				CLANG_WARN_CONSTANT_CONVERSION = YES;
				CLANG_WARN_DIRECT_OBJC_ISA_USAGE = YES_ERROR;
				CLANG_WARN_DOCUMENTATION_COMMENTS = YES;
				CLANG_WARN_EMPTY_BODY = YES;
				CLANG_WARN_ENUM_CONVERSION = YES;
				CLANG_WARN_INFINITE_RECURSION = YES;
				CLANG_WARN_INT_CONVERSION = YES;
				CLANG_WARN_OBJC_ROOT_CLASS = YES_ERROR;
				CLANG_WARN_SUSPICIOUS_MOVE = YES;
				CLANG_WARN_UNREACHABLE_CODE = YES;
				CLANG_WARN__DUPLICATE_METHOD_MATCH = YES;
				"CODE_SIGN_IDENTITY[sdk=iphoneos*]" = "iPhone Developer";
				COPY_PHASE_STRIP = NO;
				DEBUG_INFORMATION_FORMAT = dwarf;
				ENABLE_STRICT_OBJC_MSGSEND = YES;
				ENABLE_TESTABILITY = YES;
				GCC_C_LANGUAGE_STANDARD = gnu99;
				GCC_DYNAMIC_NO_PIC = NO;
				GCC_NO_COMMON_BLOCKS = YES;
				GCC_OPTIMIZATION_LEVEL = 0;
				GCC_PREPROCESSOR_DEFINITIONS = (
					"DEBUG=1",
					"$(inherited)",
				);
				GCC_WARN_64_TO_32_BIT_CONVERSION = YES;
				GCC_WARN_ABOUT_RETURN_TYPE = YES_ERROR;
				GCC_WARN_UNDECLARED_SELECTOR = YES;
				GCC_WARN_UNINITIALIZED_AUTOS = YES_AGGRESSIVE;
				GCC_WARN_UNUSED_FUNCTION = YES;
				GCC_WARN_UNUSED_VARIABLE = YES;
				IPHONEOS_DEPLOYMENT_TARGET = 10.3;
				MTL_ENABLE_DEBUG_INFO = YES;
				ONLY_ACTIVE_ARCH = YES;
				SDKROOT = iphoneos;
			};
			name = Debug;
		};
		49E9133D1EFCBEE300384208 /* Release */ = {
			isa = XCBuildConfiguration;
			buildSettings = {
				ALWAYS_SEARCH_USER_PATHS = NO;
				CLANG_ANALYZER_NONNULL = YES;
				CLANG_ANALYZER_NUMBER_OBJECT_CONVERSION = YES_AGGRESSIVE;
				CLANG_CXX_LANGUAGE_STANDARD = "gnu++0x";
				CLANG_CXX_LIBRARY = "libc++";
				CLANG_ENABLE_MODULES = YES;
				CLANG_ENABLE_OBJC_ARC = YES;
				CLANG_WARN_BOOL_CONVERSION = YES;
				CLANG_WARN_CONSTANT_CONVERSION = YES;
				CLANG_WARN_DIRECT_OBJC_ISA_USAGE = YES_ERROR;
				CLANG_WARN_DOCUMENTATION_COMMENTS = YES;
				CLANG_WARN_EMPTY_BODY = YES;
				CLANG_WARN_ENUM_CONVERSION = YES;
				CLANG_WARN_INFINITE_RECURSION = YES;
				CLANG_WARN_INT_CONVERSION = YES;
				CLANG_WARN_OBJC_ROOT_CLASS = YES_ERROR;
				CLANG_WARN_SUSPICIOUS_MOVE = YES;
				CLANG_WARN_UNREACHABLE_CODE = YES;
				CLANG_WARN__DUPLICATE_METHOD_MATCH = YES;
				"CODE_SIGN_IDENTITY[sdk=iphoneos*]" = "iPhone Developer";
				COPY_PHASE_STRIP = NO;
				DEBUG_INFORMATION_FORMAT = "dwarf-with-dsym";
				ENABLE_NS_ASSERTIONS = NO;
				ENABLE_STRICT_OBJC_MSGSEND = YES;
				GCC_C_LANGUAGE_STANDARD = gnu99;
				GCC_NO_COMMON_BLOCKS = YES;
				GCC_WARN_64_TO_32_BIT_CONVERSION = YES;
				GCC_WARN_ABOUT_RETURN_TYPE = YES_ERROR;
				GCC_WARN_UNDECLARED_SELECTOR = YES;
				GCC_WARN_UNINITIALIZED_AUTOS = YES_AGGRESSIVE;
				GCC_WARN_UNUSED_FUNCTION = YES;
				GCC_WARN_UNUSED_VARIABLE = YES;
				IPHONEOS_DEPLOYMENT_TARGET = 10.3;
				MTL_ENABLE_DEBUG_INFO = NO;
				SDKROOT = iphoneos;
				VALIDATE_PRODUCT = YES;
			};
			name = Release;
		};
		49E9133F1EFCBEE300384208 /* Debug */ = {
			isa = XCBuildConfiguration;
			baseConfigurationReference = 54836451F595E8DE7A06BD5F /* Pods-WSMoveToPhotosDemo.debug.xcconfig */;
			buildSettings = {
				ASSETCATALOG_COMPILER_APPICON_NAME = AppIcon;
				INFOPLIST_FILE = WSMoveToPhotosDemo/Info.plist;
				IPHONEOS_DEPLOYMENT_TARGET = 8.0;
				LD_RUNPATH_SEARCH_PATHS = "$(inherited) @executable_path/Frameworks";
				PRODUCT_BUNDLE_IDENTIFIER = com.anjubao.WSMoveToPhotosDemo;
				PRODUCT_NAME = "$(TARGET_NAME)";
			};
			name = Debug;
		};
		49E913401EFCBEE300384208 /* Release */ = {
			isa = XCBuildConfiguration;
			baseConfigurationReference = F1A6C061552AB80FF3D962D2 /* Pods-WSMoveToPhotosDemo.release.xcconfig */;
			buildSettings = {
				ASSETCATALOG_COMPILER_APPICON_NAME = AppIcon;
				INFOPLIST_FILE = WSMoveToPhotosDemo/Info.plist;
				IPHONEOS_DEPLOYMENT_TARGET = 8.0;
				LD_RUNPATH_SEARCH_PATHS = "$(inherited) @executable_path/Frameworks";
				PRODUCT_BUNDLE_IDENTIFIER = com.anjubao.WSMoveToPhotosDemo;
				PRODUCT_NAME = "$(TARGET_NAME)";
			};
			name = Release;
		};
/* End XCBuildConfiguration section */

/* Begin XCConfigurationList section */
		49E913221EFCBEE300384208 /* Build configuration list for PBXProject "WSMoveToPhotosDemo" */ = {
			isa = XCConfigurationList;
			buildConfigurations = (
				49E9133C1EFCBEE300384208 /* Debug */,
				49E9133D1EFCBEE300384208 /* Release */,
			);
			defaultConfigurationIsVisible = 0;
			defaultConfigurationName = Release;
		};
		49E9133E1EFCBEE300384208 /* Build configuration list for PBXNativeTarget "WSMoveToPhotosDemo" */ = {
			isa = XCConfigurationList;
			buildConfigurations = (
				49E9133F1EFCBEE300384208 /* Debug */,
				49E913401EFCBEE300384208 /* Release */,
			);
			defaultConfigurationIsVisible = 0;
			defaultConfigurationName = Release;
		};
/* End XCConfigurationList section */
	};
	rootObject = 49E9131F1EFCBEE300384208 /* Project object */;
}
